
Microsoft Visual Studio Solution File, Format Version 12.00
# Visual Studio Version 17
VisualStudioVersion = 17.6.33723.286
MinimumVisualStudioVersion = 10.0.40219.1
Project("{9A19103F-16F7-4668-BE54-9A1E7A4F7556}") = "Movies.API", "Movies.API\Movies.API.csproj", "{37E719FE-DFB4-47E1-AE80-48A28BB10978}"
EndProject
Project("{9A19103F-16F7-4668-BE54-9A1E7A4F7556}") = "IdentityServer", "IdentityServer\IdentityServer.csproj", "{A7F77FAC-7650-4E8D-A1E5-EA9E145927EE}"
EndProject
Project("{9A19103F-16F7-4668-BE54-9A1E7A4F7556}") = "Movies.Client", "Movies.Client\Movies.Client.csproj", "{8B0C9F9F-81D9-4BCF-99F4-9332DCE6063D}"
EndProject
Project("{FAE04EC0-301F-11D3-BF4B-00C04F79EFBC}") = "ApiGateway", "ApiGateway\ApiGateway.csproj", "{CA324619-DEA4-446E-A8EA-7C7EEAC18198}"
EndProject
Global
	GlobalSection(SolutionConfigurationPlatforms) = preSolution
		Debug|Any CPU = Debug|Any CPU
		Release|Any CPU = Release|Any CPU
	EndGlobalSection
	GlobalSection(ProjectConfigurationPlatforms) = postSolution
		{37E719FE-DFB4-47E1-AE80-48A28BB10978}.Debug|Any CPU.ActiveCfg = Debug|Any CPU
		{37E719FE-DFB4-47E1-AE80-48A28BB10978}.Debug|Any CPU.Build.0 = Debug|Any CPU
		{37E719FE-DFB4-47E1-AE80-48A28BB10978}.Release|Any CPU.ActiveCfg = Release|Any CPU
		{37E719FE-DFB4-47E1-AE80-48A28BB10978}.Release|Any CPU.Build.0 = Release|Any CPU
		{A7F77FAC-7650-4E8D-A1E5-EA9E145927EE}.Debug|Any CPU.ActiveCfg = Debug|Any CPU
		{A7F77FAC-7650-4E8D-A1E5-EA9E145927EE}.Debug|Any CPU.Build.0 = Debug|Any CPU
		{A7F77FAC-7650-4E8D-A1E5-EA9E145927EE}.Release|Any CPU.ActiveCfg = Release|Any CPU
		{A7F77FAC-7650-4E8D-A1E5-EA9E145927EE}.Release|Any CPU.Build.0 = Release|Any CPU
		{8B0C9F9F-81D9-4BCF-99F4-9332DCE6063D}.Debug|Any CPU.ActiveCfg = Debug|Any CPU
		{8B0C9F9F-81D9-4BCF-99F4-9332DCE6063D}.Debug|Any CPU.Build.0 = Debug|Any CPU
		{8B0C9F9F-81D9-4BCF-99F4-9332DCE6063D}.Release|Any CPU.ActiveCfg = Release|Any CPU
		{8B0C9F9F-81D9-4BCF-99F4-9332DCE6063D}.Release|Any CPU.Build.0 = Release|Any CPU
		{CA324619-DEA4-446E-A8EA-7C7EEAC18198}.Debug|Any CPU.ActiveCfg = Debug|Any CPU
		{CA324619-DEA4-446E-A8EA-7C7EEAC18198}.Debug|Any CPU.Build.0 = Debug|Any CPU
		{CA324619-DEA4-446E-A8EA-7C7EEAC18198}.Release|Any CPU.ActiveCfg = Release|Any CPU
		{CA324619-DEA4-446E-A8EA-7C7EEAC18198}.Release|Any CPU.Build.0 = Release|Any CPU
	EndGlobalSection
	GlobalSection(SolutionProperties) = preSolution
		HideSolutionNode = FALSE
	EndGlobalSection
	GlobalSection(ExtensibilityGlobals) = postSolution
		SolutionGuid = {05AF2EF1-D7D1-4A7F-9613-62D954907BA5}
	EndGlobalSection
EndGlobal
